
Microsoft Visual Studio Solution File, Format Version 12.00
# Visual Studio Version 17
VisualStudioVersion = 17.5.33516.290
MinimumVisualStudioVersion = 10.0.40219.1
Project("{FAE04EC0-301F-11D3-BF4B-00C04F79EFBC}") = "OOP-IAnimal-Example", "OOP-IAnimal-Example\OOP-IAnimal-Example.csproj", "{FD06FDE8-5E3D-4BE3-87D7-62B481039427}"
EndProject
Global
	GlobalSection(SolutionConfigurationPlatforms) = preSolution
		Debug|Any CPU = Debug|Any CPU
		Release|Any CPU = Release|Any CPU
	EndGlobalSection
	GlobalSection(ProjectConfigurationPlatforms) = postSolution
		{FD06FDE8-5E3D-4BE3-87D7-62B481039427}.Debug|Any CPU.ActiveCfg = Debug|Any CPU
		{FD06FDE8-5E3D-4BE3-87D7-62B481039427}.Debug|Any CPU.Build.0 = Debug|Any CPU
		{FD06FDE8-5E3D-4BE3-87D7-62B481039427}.Release|Any CPU.ActiveCfg = Release|Any CPU
		{FD06FDE8-5E3D-4BE3-87D7-62B481039427}.Release|Any CPU.Build.0 = Release|Any CPU
	EndGlobalSection
	GlobalSection(SolutionProperties) = preSolution
		HideSolutionNode = FALSE
	EndGlobalSection
	GlobalSection(ExtensibilityGlobals) = postSolution
		SolutionGuid = {10F3CFEC-EEF6-4FF4-A554-E4443BE46E02}
	EndGlobalSection
EndGlobal
